
Microsoft Visual Studio Solution File, Format Version 12.00
# Visual Studio Version 16
VisualStudioVersion = 16.0.31129.286
MinimumVisualStudioVersion = 10.0.40219.1
Project("{FAE04EC0-301F-11D3-BF4B-00C04F79EFBC}") = "GUIWindows", "GUIWindows\GUIWindows.csproj", "{E07A107C-D170-4F53-B0E1-FFA2D9F22B71}"
EndProject
Project("{FAE04EC0-301F-11D3-BF4B-00C04F79EFBC}") = "GameEngine", "GameEngine\GameEngine.csproj", "{F01F22FF-73A5-4EEE-B9FE-E493ACE68769}"
EndProject
Global
	GlobalSection(SolutionConfigurationPlatforms) = preSolution
		Debug|Any CPU = Debug|Any CPU
		Release|Any CPU = Release|Any CPU
	EndGlobalSection
	GlobalSection(ProjectConfigurationPlatforms) = postSolution
		{E07A107C-D170-4F53-B0E1-FFA2D9F22B71}.Debug|Any CPU.ActiveCfg = Debug|Any CPU
		{E07A107C-D170-4F53-B0E1-FFA2D9F22B71}.Debug|Any CPU.Build.0 = Debug|Any CPU
		{E07A107C-D170-4F53-B0E1-FFA2D9F22B71}.Release|Any CPU.ActiveCfg = Release|Any CPU
		{E07A107C-D170-4F53-B0E1-FFA2D9F22B71}.Release|Any CPU.Build.0 = Release|Any CPU
		{F01F22FF-73A5-4EEE-B9FE-E493ACE68769}.Debug|Any CPU.ActiveCfg = Debug|Any CPU
		{F01F22FF-73A5-4EEE-B9FE-E493ACE68769}.Debug|Any CPU.Build.0 = Debug|Any CPU
		{F01F22FF-73A5-4EEE-B9FE-E493ACE68769}.Release|Any CPU.ActiveCfg = Release|Any CPU
		{F01F22FF-73A5-4EEE-B9FE-E493ACE68769}.Release|Any CPU.Build.0 = Release|Any CPU
	EndGlobalSection
	GlobalSection(SolutionProperties) = preSolution
		HideSolutionNode = FALSE
	EndGlobalSection
	GlobalSection(ExtensibilityGlobals) = postSolution
		SolutionGuid = {7BEDA38D-3922-4812-BB7B-0177E18D83BF}
	EndGlobalSection
EndGlobal
